<?xml version="1.0" encoding="utf-8"?>
<Project ToolsVersion="4.0" xmlns="http://schemas.microsoft.com/developer/msbuild/2003">
  <ItemGroup>
    <Filter Include="Game">
      <UniqueIdentifier>{8d7321fa-3269-4b1b-867f-ccee2e6f325b}</UniqueIdentifier>
    </Filter>
    <Filter Include="Game\Header Files">
      <UniqueIdentifier>{93995380-89BD-4b04-88EB-625FBE52EBFB}</UniqueIdentifier>
      <Extensions>h;hpp;hxx;hm;inl;inc;xsd</Extensions>
    </Filter>
    <Filter Include="Game\Source Files">
      <UniqueIdentifier>{4FC737F1-C7A5-4376-A066-2A32D752A2FF}</UniqueIdentifier>
      <Extensions>cpp;c;cc;cxx;def;odl;idl;hpj;bat;asm;asmx</Extensions>
    </Filter>
    <Filter Include="Anim">
      <UniqueIdentifier>{5ab68335-7e38-494f-96e9-619678609784}</UniqueIdentifier>
    </Filter>
    <Filter Include="Anim\Header Files">
      <UniqueIdentifier>{93995380-89BD-4b04-88EB-625FBE52EBFB}</UniqueIdentifier>
      <Extensions>h;hpp;hxx;hm;inl;inc;xsd</Extensions>
    </Filter>
    <Filter Include="Anim\Source Files">
      <UniqueIdentifier>{4FC737F1-C7A5-4376-A066-2A32D752A2FF}</UniqueIdentifier>
      <Extensions>cpp;c;cc;cxx;def;odl;idl;hpj;bat;asm;asmx</Extensions>
    </Filter>
    <Filter Include="Rules">
      <UniqueIdentifier>{550e9402-b718-4722-b059-16f225b317d4}</UniqueIdentifier>
    </Filter>
    <Filter Include="Rules\Header Files">
      <UniqueIdentifier>{93995380-89BD-4b04-88EB-625FBE52EBFB}</UniqueIdentifier>
      <Extensions>h;hpp;hxx;hm;inl;inc;xsd</Extensions>
    </Filter>
    <Filter Include="Rules\Source Files">
      <UniqueIdentifier>{4FC737F1-C7A5-4376-A066-2A32D752A2FF}</UniqueIdentifier>
      <Extensions>cpp;c;cc;cxx;def;odl;idl;hpj;bat;asm;asmx</Extensions>
    </Filter>
    <Filter Include="GameSys">
      <UniqueIdentifier>{ed05fa10-8642-4b21-8245-b061ebc1767a}</UniqueIdentifier>
    </Filter>
    <Filter Include="GameSys\Header Files">
      <UniqueIdentifier>{93995380-89BD-4b04-88EB-625FBE52EBFB}</UniqueIdentifier>
      <Extensions>h;hpp;hxx;hm;inl;inc;xsd</Extensions>
    </Filter>
    <Filter Include="GameSys\Source Files">
      <UniqueIdentifier>{4FC737F1-C7A5-4376-A066-2A32D752A2FF}</UniqueIdentifier>
      <Extensions>cpp;c;cc;cxx;def;odl;idl;hpj;bat;asm;asmx</Extensions>
    </Filter>
    <Filter Include="Physics">
      <UniqueIdentifier>{e1ba502d-42f7-4053-99ec-bb49ef9be213}</UniqueIdentifier>
    </Filter>
    <Filter Include="Physics\Header Files">
      <UniqueIdentifier>{93995380-89BD-4b04-88EB-625FBE52EBFB}</UniqueIdentifier>
      <Extensions>h;hpp;hxx;hm;inl;inc;xsd</Extensions>
    </Filter>
    <Filter Include="Physics\Source Files">
      <UniqueIdentifier>{4FC737F1-C7A5-4376-A066-2A32D752A2FF}</UniqueIdentifier>
      <Extensions>cpp;c;cc;cxx;def;odl;idl;hpj;bat;asm;asmx</Extensions>
    </Filter>
    <Filter Include="Script">
      <UniqueIdentifier>{2fe3b407-bf39-46b2-b222-3043ff620bb3}</UniqueIdentifier>
    </Filter>
    <Filter Include="Script\Header Files">
      <UniqueIdentifier>{93995380-89BD-4b04-88EB-625FBE52EBFB}</UniqueIdentifier>
      <Extensions>h;hpp;hxx;hm;inl;inc;xsd</Extensions>
    </Filter>
    <Filter Include="Script\Source Files">
      <UniqueIdentifier>{4FC737F1-C7A5-4376-A066-2A32D752A2FF}</UniqueIdentifier>
      <Extensions>cpp;c;cc;cxx;def;odl;idl;hpj;bat;asm;asmx</Extensions>
    </Filter>
    <Filter Include="Weapons">
      <UniqueIdentifier>{24002101-4da1-4909-a1bd-21659a3a6a41}</UniqueIdentifier>
    </Filter>
    <Filter Include="Weapons\Header Files">
      <UniqueIdentifier>{93995380-89BD-4b04-88EB-625FBE52EBFB}</UniqueIdentifier>
      <Extensions>h;hpp;hxx;hm;inl;inc;xsd</Extensions>
    </Filter>
    <Filter Include="Weapons\Source Files">
      <UniqueIdentifier>{4FC737F1-C7A5-4376-A066-2A32D752A2FF}</UniqueIdentifier>
      <Extensions>cpp;c;cc;cxx;def;odl;idl;hpj;bat;asm;asmx</Extensions>
    </Filter>
    <Filter Include="Vehicles">
      <UniqueIdentifier>{3411889c-5907-4bd3-9767-645a3c25cd25}</UniqueIdentifier>
    </Filter>
    <Filter Include="Vehicles\Header Files">
      <UniqueIdentifier>{93995380-89BD-4b04-88EB-625FBE52EBFB}</UniqueIdentifier>
      <Extensions>h;hpp;hxx;hm;inl;inc;xsd</Extensions>
    </Filter>
    <Filter Include="Vehicles\Source Files">
      <UniqueIdentifier>{4FC737F1-C7A5-4376-A066-2A32D752A2FF}</UniqueIdentifier>
      <Extensions>cpp;c;cc;cxx;def;odl;idl;hpj;bat;asm;asmx</Extensions>
    </Filter>
    <Filter Include="Roles">
      <UniqueIdentifier>{bbda1374-be0c-419a-bb8f-3a3c184cc2f5}</UniqueIdentifier>
    </Filter>
    <Filter Include="Roles\Header Files">
      <UniqueIdentifier>{93995380-89BD-4b04-88EB-625FBE52EBFB}</UniqueIdentifier>
      <Extensions>h;hpp;hxx;hm;inl;inc;xsd</Extensions>
    </Filter>
    <Filter Include="Roles\Source Files">
      <UniqueIdentifier>{4FC737F1-C7A5-4376-A066-2A32D752A2FF}</UniqueIdentifier>
      <Extensions>cpp;c;cc;cxx;def;odl;idl;hpj;bat;asm;asmx</Extensions>
    </Filter>
    <Filter Include="Proficiency">
      <UniqueIdentifier>{70283c0a-f7d3-457b-b1f9-5424ef13c5e4}</UniqueIdentifier>
    </Filter>
    <Filter Include="Proficiency\Header Files">
      <UniqueIdentifier>{93995380-89BD-4b04-88EB-625FBE52EBFB}</UniqueIdentifier>
      <Extensions>h;hpp;hxx;hm;inl;inc;xsd</Extensions>
    </Filter>
    <Filter Include="Proficiency\Source Files">
      <UniqueIdentifier>{4FC737F1-C7A5-4376-A066-2A32D752A2FF}</UniqueIdentifier>
      <Extensions>cpp;c;cc;cxx;def;odl;idl;hpj;bat;asm;asmx</Extensions>
    </Filter>
    <Filter Include="Player">
      <UniqueIdentifier>{4c77ad2c-0a65-497d-9be2-0cfc416d607e}</UniqueIdentifier>
    </Filter>
    <Filter Include="Player\Header Files">
      <UniqueIdentifier>{93995380-89BD-4b04-88EB-625FBE52EBFB}</UniqueIdentifier>
      <Extensions>h;hpp;hxx;hm;inl;inc;xsd</Extensions>
    </Filter>
    <Filter Include="Player\Source Files">
      <UniqueIdentifier>{4FC737F1-C7A5-4376-A066-2A32D752A2FF}</UniqueIdentifier>
      <Extensions>cpp;c;cc;cxx;def;odl;idl;hpj;bat;asm;asmx</Extensions>
    </Filter>
    <Filter Include="View">
      <UniqueIdentifier>{60b88a23-6654-4d29-b475-4093b2238af5}</UniqueIdentifier>
    </Filter>
    <Filter Include="View\Header Files">
      <UniqueIdentifier>{93995380-89BD-4b04-88EB-625FBE52EBFB}</UniqueIdentifier>
      <Extensions>h;hpp;hxx;hm;inl;inc;xsd</Extensions>
    </Filter>
    <Filter Include="View\Source Files">
      <UniqueIdentifier>{4FC737F1-C7A5-4376-A066-2A32D752A2FF}</UniqueIdentifier>
      <Extensions>cpp;c;cc;cxx;def;odl;idl;hpj;bat;asm;asmx</Extensions>
    </Filter>
    <Filter Include="Network">
      <UniqueIdentifier>{8887fbe8-91f6-4d37-9fb6-6aa974f493e9}</UniqueIdentifier>
    </Filter>
    <Filter Include="Network\Header Files">
      <UniqueIdentifier>{93995380-89BD-4b04-88EB-625FBE52EBFB}</UniqueIdentifier>
      <Extensions>h;hpp;hxx;hm;inl;inc;xsd</Extensions>
    </Filter>
    <Filter Include="Network\Source Files">
      <UniqueIdentifier>{4FC737F1-C7A5-4376-A066-2A32D752A2FF}</UniqueIdentifier>
      <Extensions>cpp;c;cc;cxx;def;odl;idl;hpj;bat;asm;asmx</Extensions>
    </Filter>
    <Filter Include="Misc">
      <UniqueIdentifier>{8274ece4-75e5-4f0d-97da-4e71a792d25e}</UniqueIdentifier>
    </Filter>
    <Filter Include="Misc\Header Files">
      <UniqueIdentifier>{93995380-89BD-4b04-88EB-625FBE52EBFB}</UniqueIdentifier>
      <Extensions>h;hpp;hxx;hm;inl;inc;xsd</Extensions>
    </Filter>
    <Filter Include="Misc\Source Files">
      <UniqueIdentifier>{4FC737F1-C7A5-4376-A066-2A32D752A2FF}</UniqueIdentifier>
      <Extensions>cpp;c;cc;cxx;def;odl;idl;hpj;bat;asm;asmx</Extensions>
    </Filter>
    <Filter Include="Client">
      <UniqueIdentifier>{05b03d28-0b75-4967-951d-4271777c3a5e}</UniqueIdentifier>
    </Filter>
    <Filter Include="Client\Header Files">
      <UniqueIdentifier>{93995380-89BD-4b04-88EB-625FBE52EBFB}</UniqueIdentifier>
      <Extensions>h;hpp;hxx;hm;inl;inc;xsd</Extensions>
    </Filter>
    <Filter Include="Client\Source Files">
      <UniqueIdentifier>{4FC737F1-C7A5-4376-A066-2A32D752A2FF}</UniqueIdentifier>
      <Extensions>cpp;c;cc;cxx;def;odl;idl;hpj;bat;asm;asmx</Extensions>
    </Filter>
    <Filter Include="Interfaces">
      <UniqueIdentifier>{5f53d718-0c03-4307-8268-57c4e1d0b3ac}</UniqueIdentifier>
    </Filter>
    <Filter Include="Interfaces\Header Files">
      <UniqueIdentifier>{93995380-89BD-4b04-88EB-625FBE52EBFB}</UniqueIdentifier>
      <Extensions>h;hpp;hxx;hm;inl;inc;xsd</Extensions>
    </Filter>
    <Filter Include="Interfaces\Source Files">
      <UniqueIdentifier>{4FC737F1-C7A5-4376-A066-2A32D752A2FF}</UniqueIdentifier>
      <Extensions>cpp;c;cc;cxx;def;odl;idl;hpj;bat;asm;asmx</Extensions>
    </Filter>
    <Filter Include="Guis">
      <UniqueIdentifier>{6cecf38c-23bd-4a69-bd6e-3ed8f66f81e8}</UniqueIdentifier>
    </Filter>
    <Filter Include="Guis\Header Files">
      <UniqueIdentifier>{93995380-89BD-4b04-88EB-625FBE52EBFB}</UniqueIdentifier>
      <Extensions>h;hpp;hxx;hm;inl;inc;xsd</Extensions>
    </Filter>
    <Filter Include="Guis\Source Files">
      <UniqueIdentifier>{4FC737F1-C7A5-4376-A066-2A32D752A2FF}</UniqueIdentifier>
      <Extensions>cpp;c;cc;cxx;def;odl;idl;hpj;bat;asm;asmx</Extensions>
    </Filter>
    <Filter Include="Effects">
      <UniqueIdentifier>{55900ec4-acd5-490a-a583-15b09a1711de}</UniqueIdentifier>
    </Filter>
    <Filter Include="Effects\Header Files">
      <UniqueIdentifier>{93995380-89BD-4b04-88EB-625FBE52EBFB}</UniqueIdentifier>
      <Extensions>h;hpp;hxx;hm;inl;inc;xsd</Extensions>
    </Filter>
    <Filter Include="Effects\Source Files">
      <UniqueIdentifier>{4FC737F1-C7A5-4376-A066-2A32D752A2FF}</UniqueIdentifier>
      <Extensions>cpp;c;cc;cxx;def;odl;idl;hpj;bat;asm;asmx</Extensions>
    </Filter>
    <Filter Include="Structures">
      <UniqueIdentifier>{9c5c1bdb-3339-4380-9bf1-d2b34bd23269}</UniqueIdentifier>
    </Filter>
    <Filter Include="Structures\Header Files">
      <UniqueIdentifier>{93995380-89BD-4b04-88EB-625FBE52EBFB}</UniqueIdentifier>
      <Extensions>h;hpp;hxx;hm;inl;inc;xsd</Extensions>
    </Filter>
    <Filter Include="Structures\Source Files">
      <UniqueIdentifier>{4FC737F1-C7A5-4376-A066-2A32D752A2FF}</UniqueIdentifier>
      <Extensions>cpp;c;cc;cxx;def;odl;idl;hpj;bat;asm;asmx</Extensions>
    </Filter>
    <Filter Include="Demos">
      <UniqueIdentifier>{7a919b0a-a215-4b3a-815d-758caa20011f}</UniqueIdentifier>
    </Filter>
    <Filter Include="Demos\Header Files">
      <UniqueIdentifier>{93995380-89BD-4b04-88EB-625FBE52EBFB}</UniqueIdentifier>
      <Extensions>h;hpp;hxx;hm;inl;inc;xsd</Extensions>
    </Filter>
    <Filter Include="Demos\Source Files">
      <UniqueIdentifier>{4FC737F1-C7A5-4376-A066-2A32D752A2FF}</UniqueIdentifier>
      <Extensions>cpp;c;cc;cxx;def;odl;idl;hpj;bat;asm;asmx</Extensions>
    </Filter>
    <Filter Include="SDNet">
      <UniqueIdentifier>{6fae0af2-0787-4ecf-a80c-fe161718538e}</UniqueIdentifier>
    </Filter>
    <Filter Include="SDNet\Header Files">
      <UniqueIdentifier>{93995380-89BD-4b04-88EB-625FBE52EBFB}</UniqueIdentifier>
      <Extensions>h;hpp;hxx;hm;inl;inc;xsd</Extensions>
    </Filter>
    <Filter Include="SDNet\Source Files">
      <UniqueIdentifier>{4FC737F1-C7A5-4376-A066-2A32D752A2FF}</UniqueIdentifier>
      <Extensions>cpp;c;cc;cxx;def;odl;idl;hpj;bat;asm;asmx</Extensions>
    </Filter>
    <Filter Include="Movers">
      <UniqueIdentifier>{628f9639-c13f-4ee2-b54c-fffbf65d8c8d}</UniqueIdentifier>
    </Filter>
    <Filter Include="Movers\Header Files">
      <UniqueIdentifier>{93995380-89BD-4b04-88EB-625FBE52EBFB}</UniqueIdentifier>
      <Extensions>h;hpp;hxx;hm;inl;inc;xsd</Extensions>
    </Filter>
    <Filter Include="Movers\Source Files">
      <UniqueIdentifier>{4FC737F1-C7A5-4376-A066-2A32D752A2FF}</UniqueIdentifier>
      <Extensions>cpp;c;cc;cxx;def;odl;idl;hpj;bat;asm;asmx</Extensions>
    </Filter>
    <Filter Include="Media">
      <UniqueIdentifier>{055cef29-08a1-49b8-8079-fa077a1f31c0}</UniqueIdentifier>
    </Filter>
    <Filter Include="Media\Scripts">
      <UniqueIdentifier>{495caace-f88f-48cc-9cbf-05f137d4989c}</UniqueIdentifier>
    </Filter>
    <Filter Include="Media\Scripts\Deployables">
      <UniqueIdentifier>{efa86d3f-5848-4015-a818-70eaeb893f3b}</UniqueIdentifier>
    </Filter>
    <Filter Include="Media\Scripts\Weapons">
      <UniqueIdentifier>{889a6fbb-44fb-423e-90b5-95b94c1d93b8}</UniqueIdentifier>
    </Filter>
    <Filter Include="Media\Scripts\Vehicles">
      <UniqueIdentifier>{eb6537b7-da41-4046-8187-0b5f862edb42}</UniqueIdentifier>
    </Filter>
    <Filter Include="Media\Scripts\Vehicles\Weapons">
      <UniqueIdentifier>{6fb1069a-2858-498e-91c4-811dbb361723}</UniqueIdentifier>
    </Filter>
    <Filter Include="Media\Scripts\Tools">
      <UniqueIdentifier>{f3d12cd4-05fa-4aac-914a-427e6f15cd8e}</UniqueIdentifier>
    </Filter>
    <Filter Include="Media\Scripts\Maps">
      <UniqueIdentifier>{f04bb91e-e0c5-4a77-910d-f138f4b0a0d5}</UniqueIdentifier>
    </Filter>
    <Filter Include="Media\Scripts\Maps\Generic">
      <UniqueIdentifier>{5ff7b542-bbb9-42a9-9dde-f1634a528c80}</UniqueIdentifier>
    </Filter>
    <Filter Include="Media\Scripts\Items">
      <UniqueIdentifier>{66075370-2b31-486c-a336-a74f844cbf67}</UniqueIdentifier>
    </Filter>
    <Filter Include="Media\Scripts\Misc">
      <UniqueIdentifier>{36ba04c7-6255-4571-94a3-53908de26215}</UniqueIdentifier>
    </Filter>
    <Filter Include="Media\Scripts\Player">
      <UniqueIdentifier>{20feb522-d10c-49ee-951e-1e69fe3fec43}</UniqueIdentifier>
    </Filter>
    <Filter Include="Media\Scripts\Projectiles">
      <UniqueIdentifier>{a6cf95ae-30f8-4612-b928-17aec904e9f4}</UniqueIdentifier>
    </Filter>
    <Filter Include="Media\Scripts\Teams">
      <UniqueIdentifier>{a49ec6c6-cbbc-4337-a362-53b6cf73b3b1}</UniqueIdentifier>
    </Filter>
    <Filter Include="Media\Scripts\Tasks">
      <UniqueIdentifier>{ba8fb023-71bb-4b6b-9532-db095fca8f05}</UniqueIdentifier>
    </Filter>
    <Filter Include="Bot">
      <UniqueIdentifier>{abe7c1bc-3c6b-4538-8ce3-0e425b3a1a0d}</UniqueIdentifier>
    </Filter>
    <Filter Include="Bot\BotAI">
      <UniqueIdentifier>{90d293ac-0906-426b-a5e1-17196fc1ff2e}</UniqueIdentifier>
    </Filter>
    <Filter Include="Bot\BotAI_Vehicle">
      <UniqueIdentifier>{dc3d2499-0b76-49a8-98ca-2402b90914ed}</UniqueIdentifier>
    </Filter>
    <Filter Include="Bot\AAS">
      <UniqueIdentifier>{f9457de8-4aad-4a56-aaff-52fa1edc00ba}</UniqueIdentifier>
    </Filter>
    <Filter Include="Documentation">
      <UniqueIdentifier>{a6550541-5bd3-4e4c-91d1-d1b8a1155648}</UniqueIdentifier>
    </Filter>
    <Filter Include="Documentation\Source Files">
      <UniqueIdentifier>{a8ead5fa-e0f8-41a5-8f0f-97987295a8ac}</UniqueIdentifier>
    </Filter>
    <Filter Include="Documentation\Header Files">
      <UniqueIdentifier>{0b0a5837-ec19-4c98-a238-190eeb4bf69f}</UniqueIdentifier>
    </Filter>
  </ItemGroup>
  <ItemGroup>
    <ClInclude Include="..\source\game\AnimatedEntity.h">
      <Filter>Game\Header Files</Filter>
    </ClInclude>
    <ClInclude Include="..\source\game\Atmosphere.h">
      <Filter>Game\Header Files</Filter>
    </ClInclude>
    <ClInclude Include="..\source\game\AtmosphereRenderable.h">
      <Filter>Game\Header Files</Filter>
    </ClInclude>
    <ClInclude Include="..\source\game\Camera.h">
      <Filter>Game\Header Files</Filter>
    </ClInclude>
    <ClInclude Include="..\source\game\Common.h">
      <Filter>Game\Header Files</Filter>
    </ClInclude>
    <ClInclude Include="..\source\game\ContentMask.h">
      <Filter>Game\Header Files</Filter>
    </ClInclude>
    <ClInclude Include="..\source\game\Effect.h">
      <Filter>Game\Header Files</Filter>
    </ClInclude>
    <ClInclude Include="..\source\game\Entity.h">
      <Filter>Game\Header Files</Filter>
    </ClInclude>
    <ClInclude Include="..\source\game\EntityPtr.h">
      <Filter>Game\Header Files</Filter>
    </ClInclude>
    <ClInclude Include="..\source\game\Game.h">
      <Filter>Game\Header Files</Filter>
    </ClInclude>
    <ClInclude Include="..\source\game\Game_local.h">
      <Filter>Game\Header Files</Filter>
    </ClInclude>
    <ClInclude Include="..\source\game\Game_Repeater.h">
      <Filter>Game\Header Files</Filter>
    </ClInclude>
    <ClInclude Include="..\source\game\GameEdit.h">
      <Filter>Game\Header Files</Filter>
    </ClInclude>
    <ClInclude Include="..\source\game\Item.h">
      <Filter>Game\Header Files</Filter>
    </ClInclude>
    <ClInclude Include="..\source\game\Light.h">
      <Filter>Game\Header Files</Filter>
    </ClInclude>
    <ClInclude Include="..\source\game\LimboProperties.h">
      <Filter>Game\Header Files</Filter>
    </ClInclude>
    <ClInclude Include="..\source\game\Misc.h">
      <Filter>Game\Header Files</Filter>
    </ClInclude>
    <ClInclude Include="..\source\game\Moveable.h">
      <Filter>Game\Header Files</Filter>
    </ClInclude>
    <ClInclude Include="..\source\game\Sound.h">
      <Filter>Game\Header Files</Filter>
    </ClInclude>
    <ClInclude Include="..\source\game\StuffSystem.h">
      <Filter>Game\Header Files</Filter>
    </ClInclude>
    <ClInclude Include="..\source\game\Target.h">
      <Filter>Game\Header Files</Filter>
    </ClInclude>
    <ClInclude Include="..\source\game\Teleporter.h">
      <Filter>Game\Header Files</Filter>
    </ClInclude>
    <ClInclude Include="..\source\game\Trigger.h">
      <Filter>Game\Header Files</Filter>
    </ClInclude>
    <ClInclude Include="..\source\game\UpdateManager.h">
      <Filter>Game\Header Files</Filter>
    </ClInclude>
    <ClInclude Include="..\source\game\WorldSpawn.h">
      <Filter>Game\Header Files</Filter>
    </ClInclude>
    <ClInclude Include="..\source\game\AF.h">
      <Filter>Anim\Header Files</Filter>
    </ClInclude>
    <ClInclude Include="..\source\game\AFEntity.h">
      <Filter>Anim\Header Files</Filter>
    </ClInclude>
    <ClInclude Include="..\source\game\anim\Anim.h">
      <Filter>Anim\Header Files</Filter>
    </ClInclude>
    <ClInclude Include="..\source\game\anim\Anim_FrameCommands.h">
      <Filter>Anim\Header Files</Filter>
    </ClInclude>
    <ClInclude Include="..\source\game\anim\Anim_Testmodel.h">
      <Filter>Anim\Header Files</Filter>
    </ClInclude>
    <ClInclude Include="..\source\game\IK.h">
      <Filter>Anim\Header Files</Filter>
    </ClInclude>
    <ClInclude Include="..\source\game\rules\AdminSystem.h">
      <Filter>Rules\Header Files</Filter>
    </ClInclude>
    <ClInclude Include="..\source\game\rules\GameRules.h">
      <Filter>Rules\Header Files</Filter>
    </ClInclude>
    <ClInclude Include="..\source\game\rules\GameRules_Campaign.h">
      <Filter>Rules\Header Files</Filter>
    </ClInclude>
    <ClInclude Include="..\source\game\rules\GameRules_Objective.h">
      <Filter>Rules\Header Files</Filter>
    </ClInclude>
    <ClInclude Include="..\source\game\rules\GameRules_StopWatch.h">
      <Filter>Rules\Header Files</Filter>
    </ClInclude>
    <ClInclude Include="..\source\game\rules\GUIDState.h">
      <Filter>Rules\Header Files</Filter>
    </ClInclude>
    <ClInclude Include="..\source\game\rules\UserGroup.h">
      <Filter>Rules\Header Files</Filter>
    </ClInclude>
    <ClInclude Include="..\source\game\rules\VoteManager.h">
      <Filter>Rules\Header Files</Filter>
    </ClInclude>
    <ClInclude Include="..\source\game\gamesys\Class.h">
      <Filter>GameSys\Header Files</Filter>
    </ClInclude>
    <ClInclude Include="..\source\game\gamesys\DebugGraph.h">
      <Filter>GameSys\Header Files</Filter>
    </ClInclude>
    <ClInclude Include="..\source\game\gamesys\DeviceContextHelper.h">
      <Filter>GameSys\Header Files</Filter>
    </ClInclude>
    <ClInclude Include="..\source\game\gamesys\Event.h">
      <Filter>GameSys\Header Files</Filter>
    </ClInclude>
    <ClInclude Include="..\source\game\gamesys\Pvs.h">
      <Filter>GameSys\Header Files</Filter>
    </ClInclude>
    <ClInclude Include="..\source\game\gamesys\SysCmds.h">
      <Filter>GameSys\Header Files</Filter>
    </ClInclude>
    <ClInclude Include="..\source\game\gamesys\SysCvar.h">
      <Filter>GameSys\Header Files</Filter>
    </ClInclude>
    <ClInclude Include="..\source\game\physics\Clip.h">
      <Filter>Physics\Header Files</Filter>
    </ClInclude>
    <ClInclude Include="..\source\game\physics\ClipModel.h">
      <Filter>Physics\Header Files</Filter>
    </ClInclude>
    <ClInclude Include="..\source\game\physics\Force.h">
      <Filter>Physics\Header Files</Filter>
    </ClInclude>
    <ClInclude Include="..\source\game\physics\Force_Constant.h">
      <Filter>Physics\Header Files</Filter>
    </ClInclude>
    <ClInclude Include="..\source\game\physics\Force_Drag.h">
      <Filter>Physics\Header Files</Filter>
    </ClInclude>
    <ClInclude Include="..\source\game\physics\Force_Field.h">
      <Filter>Physics\Header Files</Filter>
    </ClInclude>
    <ClInclude Include="..\source\game\physics\Force_Spring.h">
      <Filter>Physics\Header Files</Filter>
    </ClInclude>
    <ClInclude Include="..\source\game\physics\Physics.h">
      <Filter>Physics\Header Files</Filter>
    </ClInclude>
    <ClInclude Include="..\source\game\physics\Physics_Actor.h">
      <Filter>Physics\Header Files</Filter>
    </ClInclude>
    <ClInclude Include="..\source\game\physics\Physics_AF.h">
      <Filter>Physics\Header Files</Filter>
    </ClInclude>
    <ClInclude Include="..\source\game\physics\Physics_Base.h">
      <Filter>Physics\Header Files</Filter>
    </ClInclude>
    <ClInclude Include="..\source\game\physics\Physics_JetPack.h">
      <Filter>Physics\Header Files</Filter>
    </ClInclude>
    <ClInclude Include="..\source\game\physics\Physics_Linear.h">
      <Filter>Physics\Header Files</Filter>
    </ClInclude>
    <ClInclude Include="..\source\game\physics\Physics_Monster.h">
      <Filter>Physics\Header Files</Filter>
    </ClInclude>
    <ClInclude Include="..\source\game\physics\Physics_Parabola.h">
      <Filter>Physics\Header Files</Filter>
    </ClInclude>
    <ClInclude Include="..\source\game\physics\Physics_Parametric.h">
      <Filter>Physics\Header Files</Filter>
    </ClInclude>
    <ClInclude Include="..\source\game\physics\Physics_Player.h">
      <Filter>Physics\Header Files</Filter>
    </ClInclude>
    <ClInclude Include="..\source\game\physics\Physics_RigidBody.h">
      <Filter>Physics\Header Files</Filter>
    </ClInclude>
    <ClInclude Include="..\source\game\physics\Physics_RigidBodyMultiple.h">
      <Filter>Physics\Header Files</Filter>
    </ClInclude>
    <ClInclude Include="..\source\game\physics\Physics_Simple.h">
      <Filter>Physics\Header Files</Filter>
    </ClInclude>
    <ClInclude Include="..\source\game\physics\Physics_SimpleRigidBody.h">
      <Filter>Physics\Header Files</Filter>
    </ClInclude>
    <ClInclude Include="..\source\game\physics\Physics_SimpleSpline.h">
      <Filter>Physics\Header Files</Filter>
    </ClInclude>
    <ClInclude Include="..\source\game\physics\Physics_Static.h">
      <Filter>Physics\Header Files</Filter>
    </ClInclude>
    <ClInclude Include="..\source\game\physics\Physics_StaticMulti.h">
      <Filter>Physics\Header Files</Filter>
    </ClInclude>
    <ClInclude Include="..\source\game\physics\PhysicsEvent.h">
      <Filter>Physics\Header Files</Filter>
    </ClInclude>
    <ClInclude Include="..\source\game\physics\Push.h">
      <Filter>Physics\Header Files</Filter>
    </ClInclude>
    <ClInclude Include="..\source\game\physics\TraceModelCache.h">
      <Filter>Physics\Header Files</Filter>
    </ClInclude>
    <ClInclude Include="..\source\game\script\Script_Compiler.h">
      <Filter>Script\Header Files</Filter>
    </ClInclude>
    <ClInclude Include="..\source\game\script\Script_DLL.h">
      <Filter>Script\Header Files</Filter>
    </ClInclude>
    <ClInclude Include="..\source\game\script\Script_Exporter.h">
      <Filter>Script\Header Files</Filter>
    </ClInclude>
    <ClInclude Include="..\source\game\script\Script_Helper.h">
      <Filter>Script\Header Files</Filter>
    </ClInclude>
    <ClInclude Include="..\source\game\script\Script_Interface.h">
      <Filter>Script\Header Files</Filter>
    </ClInclude>
    <ClInclude Include="..\source\game\script\Script_Interpreter.h">
      <Filter>Script\Header Files</Filter>
    </ClInclude>
    <ClInclude Include="..\source\game\script\Script_Program.h">
      <Filter>Script\Header Files</Filter>
    </ClInclude>
    <ClInclude Include="..\source\game\script\Script_ScriptObject.h">
      <Filter>Script\Header Files</Filter>
    </ClInclude>
    <ClInclude Include="..\source\game\script\Script_SysCall.h">
      <Filter>Script\Header Files</Filter>
    </ClInclude>
    <ClInclude Include="..\source\game\script\Script_Thread.h">
      <Filter>Script\Header Files</Filter>
    </ClInclude>
    <ClInclude Include="..\source\game\ScriptEntity.h">
      <Filter>Script\Header Files</Filter>
    </ClInclude>
    <ClInclude Include="..\source\game\script\ScriptEntityHelpers.h">
      <Filter>Script\Header Files</Filter>
    </ClInclude>
    <ClInclude Include="..\source\game\Projectile.h">
      <Filter>Weapons\Header Files</Filter>
    </ClInclude>
    <ClInclude Include="..\source\game\Weapon.h">
      <Filter>Weapons\Header Files</Filter>
    </ClInclude>
    <ClInclude Include="..\source\game\vehicles\Attachments.h">
      <Filter>Vehicles\Header Files</Filter>
    </ClInclude>
    <ClInclude Include="..\source\game\vehicles\JetPack.h">
      <Filter>Vehicles\Header Files</Filter>
    </ClInclude>
    <ClInclude Include="..\source\game\vehicles\Pathing.h">
      <Filter>Vehicles\Header Files</Filter>
    </ClInclude>
    <ClInclude Include="..\source\game\vehicles\RouteConstraint.h">
      <Filter>Vehicles\Header Files</Filter>
    </ClInclude>
    <ClInclude Include="..\source\game\vehicles\SoundControl.h">
      <Filter>Vehicles\Header Files</Filter>
    </ClInclude>
    <ClInclude Include="..\source\game\vehicles\Transport.h">
      <Filter>Vehicles\Header Files</Filter>
    </ClInclude>
    <ClInclude Include="..\source\game\vehicles\TransportComponents.h">
      <Filter>Vehicles\Header Files</Filter>
    </ClInclude>
    <ClInclude Include="..\source\game\vehicles\TransportExtras.h">
      <Filter>Vehicles\Header Files</Filter>
    </ClInclude>
    <ClInclude Include="..\source\game\vehicles\TransportSystems.h">
      <Filter>Vehicles\Header Files</Filter>
    </ClInclude>
    <ClInclude Include="..\source\game\vehicles\Vehicle_RigidBody.h">
      <Filter>Vehicles\Header Files</Filter>
    </ClInclude>
    <ClInclude Include="..\source\game\vehicles\VehicleControl.h">
      <Filter>Vehicles\Header Files</Filter>
    </ClInclude>
    <ClInclude Include="..\source\game\vehicles\VehicleIK.h">
      <Filter>Vehicles\Header Files</Filter>
    </ClInclude>
    <ClInclude Include="..\source\game\vehicles\VehicleSuspension.h">
      <Filter>Vehicles\Header Files</Filter>
    </ClInclude>
    <ClInclude Include="..\source\game\vehicles\VehicleView.h">
      <Filter>Vehicles\Header Files</Filter>
    </ClInclude>
    <ClInclude Include="..\source\game\vehicles\VehicleWeapon.h">
      <Filter>Vehicles\Header Files</Filter>
    </ClInclude>
    <ClInclude Include="..\source\game\vehicles\Walker.h">
      <Filter>Vehicles\Header Files</Filter>
    </ClInclude>
    <ClInclude Include="..\source\game\roles\FireTeams.h">
      <Filter>Roles\Header Files</Filter>
    </ClInclude>
    <ClInclude Include="..\source\game\roles\ObjectiveManager.h">
      <Filter>Roles\Header Files</Filter>
    </ClInclude>
    <ClInclude Include="..\source\game\roles\RoleManager.h">
      <Filter>Roles\Header Files</Filter>
    </ClInclude>
    <ClInclude Include="..\source\game\roles\Tasks.h">
      <Filter>Roles\Header Files</Filter>
    </ClInclude>
    <ClInclude Include="..\source\game\roles\WayPointManager.h">
      <Filter>Roles\Header Files</Filter>
    </ClInclude>
    <ClInclude Include="..\source\game\proficiency\ProficiencyManager.h">
      <Filter>Proficiency\Header Files</Filter>
    </ClInclude>
    <ClInclude Include="..\source\game\proficiency\StatsTracker.h">
      <Filter>Proficiency\Header Files</Filter>
    </ClInclude>
    <ClInclude Include="..\source\game\Actor.h">
      <Filter>Player\Header Files</Filter>
    </ClInclude>
    <ClInclude Include="..\source\game\AntiLag.h">
      <Filter>Player\Header Files</Filter>
    </ClInclude>
    <ClInclude Include="..\source\game\roles\HudModule.h">
      <Filter>Player\Header Files</Filter>
    </ClInclude>
    <ClInclude Include="..\source\game\InputMode.h">
      <Filter>Player\Header Files</Filter>
    </ClInclude>
    <ClInclude Include="..\source\game\roles\Inventory.h">
      <Filter>Player\Header Files</Filter>
    </ClInclude>
    <ClInclude Include="..\source\game\Waypoints\LocationMarker.h">
      <Filter>Player\Header Files</Filter>
    </ClInclude>
    <ClInclude Include="..\source\game\Player.h">
      <Filter>Player\Header Files</Filter>
    </ClInclude>
    <ClInclude Include="..\source\game\PlayerIcon.h">
      <Filter>Player\Header Files</Filter>
    </ClInclude>
    <ClInclude Include="..\source\game\PlayerProperties.h">
      <Filter>Player\Header Files</Filter>
    </ClInclude>
    <ClInclude Include="..\source\game\PlayerView.h">
      <Filter>Player\Header Files</Filter>
    </ClInclude>
    <ClInclude Include="..\source\game\CommandMapInfo.h">
      <Filter>View\Header Files</Filter>
    </ClInclude>
    <ClInclude Include="..\source\game\CrosshairInfo.h">
      <Filter>View\Header Files</Filter>
    </ClInclude>
    <ClInclude Include="..\source\game\AORManager.h">
      <Filter>Network\Header Files</Filter>
    </ClInclude>
    <ClInclude Include="..\source\game\Game_network.h">
      <Filter>Network\Header Files</Filter>
    </ClInclude>
    <ClInclude Include="..\source\game\PredictionErrorDecay.h">
      <Filter>Network\Header Files</Filter>
    </ClInclude>
    <ClInclude Include="..\source\game\network\SnapshotState.h">
      <Filter>Network\Header Files</Filter>
    </ClInclude>
    <ClInclude Include="..\source\game\misc\AdEntity.h">
      <Filter>Misc\Header Files</Filter>
    </ClInclude>
    <ClInclude Include="..\source\game\misc\DefenceTurret.h">
      <Filter>Misc\Header Files</Filter>
    </ClInclude>
    <ClInclude Include="..\source\game\misc\DeliveryVehicle.h">
      <Filter>Misc\Header Files</Filter>
    </ClInclude>
    <ClInclude Include="..\source\game\misc\Parachute.h">
      <Filter>Misc\Header Files</Filter>
    </ClInclude>
    <ClInclude Include="..\source\game\misc\PlayerBody.h">
      <Filter>Misc\Header Files</Filter>
    </ClInclude>
    <ClInclude Include="..\source\game\misc\ProfileHelper.h">
      <Filter>Misc\Header Files</Filter>
    </ClInclude>
    <ClInclude Include="..\source\game\misc\RenderEntityBundle.h">
      <Filter>Misc\Header Files</Filter>
    </ClInclude>
    <ClInclude Include="..\source\game\misc\RepairDrone.h">
      <Filter>Misc\Header Files</Filter>
    </ClInclude>
    <ClInclude Include="..\source\game\misc\WorldToScreen.h">
      <Filter>Misc\Header Files</Filter>
    </ClInclude>
    <ClInclude Include="..\source\game\client\ClientEffect.h">
      <Filter>Client\Header Files</Filter>
    </ClInclude>
    <ClInclude Include="..\source\game\client\ClientEntity.h">
      <Filter>Client\Header Files</Filter>
    </ClInclude>
    <ClInclude Include="..\source\game\client\ClientEntityInlines.h">
      <Filter>Client\Header Files</Filter>
    </ClInclude>
    <ClInclude Include="..\source\game\client\ClientMoveable.h">
      <Filter>Client\Header Files</Filter>
    </ClInclude>
    <ClInclude Include="..\source\game\interfaces\CrosshairInterface.h">
      <Filter>Interfaces\Header Files</Filter>
    </ClInclude>
    <ClInclude Include="..\source\game\interfaces\DeployControl.h">
      <Filter>Interfaces\Header Files</Filter>
    </ClInclude>
    <ClInclude Include="..\source\game\interfaces\GuiInterface.h">
      <Filter>Interfaces\Header Files</Filter>
    </ClInclude>
    <ClInclude Include="..\source\game\interfaces\NetworkInterface.h">
      <Filter>Interfaces\Header Files</Filter>
    </ClInclude>
    <ClInclude Include="..\source\game\interfaces\RadarInterface.h">
      <Filter>Interfaces\Header Files</Filter>
    </ClInclude>
    <ClInclude Include="..\source\game\interfaces\ResupplyInterface.h">
      <Filter>Interfaces\Header Files</Filter>
    </ClInclude>
    <ClInclude Include="..\source\game\interfaces\SpawnInterface.h">
      <Filter>Interfaces\Header Files</Filter>
    </ClInclude>
    <ClInclude Include="..\source\game\interfaces\TargetInterface.h">
      <Filter>Interfaces\Header Files</Filter>
    </ClInclude>
    <ClInclude Include="..\source\game\interfaces\TaskInterface.h">
      <Filter>Interfaces\Header Files</Filter>
    </ClInclude>
    <ClInclude Include="..\source\game\interfaces\UsableInterface.h">
      <Filter>Interfaces\Header Files</Filter>
    </ClInclude>
    <ClInclude Include="..\source\game\guis\GuiSurface.h">
      <Filter>Guis\Header Files</Filter>
    </ClInclude>
    <ClInclude Include="..\source\game\guis\GuiSurfaceRenderable.h">
      <Filter>Guis\Header Files</Filter>
    </ClInclude>
    <ClInclude Include="..\source\game\guis\UIBinder.h">
      <Filter>Guis\Header Files</Filter>
    </ClInclude>
    <ClInclude Include="..\source\game\guis\UICinematic.h">
      <Filter>Guis\Header Files</Filter>
    </ClInclude>
    <ClInclude Include="..\source\game\guis\UICreditScroll.h">
      <Filter>Guis\Header Files</Filter>
    </ClInclude>
    <ClInclude Include="..\source\game\guis\UICrosshairInfo.h">
      <Filter>Guis\Header Files</Filter>
    </ClInclude>
    <ClInclude Include="..\source\game\guis\UIEdit.h">
      <Filter>Guis\Header Files</Filter>
    </ClInclude>
    <ClInclude Include="..\source\game\guis\UIEditHelper.h">
      <Filter>Guis\Header Files</Filter>
    </ClInclude>
    <ClInclude Include="..\source\game\guis\UIEditW.h">
      <Filter>Guis\Header Files</Filter>
    </ClInclude>
    <ClInclude Include="..\source\game\guis\UIIconNotification.h">
      <Filter>Guis\Header Files</Filter>
    </ClInclude>
    <ClInclude Include="..\source\game\guis\UILayout.h">
      <Filter>Guis\Header Files</Filter>
    </ClInclude>
    <ClInclude Include="..\source\game\guis\UIList.h">
      <Filter>Guis\Header Files</Filter>
    </ClInclude>
    <ClInclude Include="..\source\game\guis\UIMarquee.h">
      <Filter>Guis\Header Files</Filter>
    </ClInclude>
    <ClInclude Include="..\source\game\guis\UINews.h">
      <Filter>Guis\Header Files</Filter>
    </ClInclude>
    <ClInclude Include="..\source\game\guis\UIObject.h">
      <Filter>Guis\Header Files</Filter>
    </ClInclude>
    <ClInclude Include="..\source\game\guis\UIObjectScriptState.h">
      <Filter>Guis\Header Files</Filter>
    </ClInclude>
    <ClInclude Include="..\source\game\guis\UIProgress.h">
      <Filter>Guis\Header Files</Filter>
    </ClInclude>
    <ClInclude Include="..\source\game\guis\UIRadialMenu.h">
      <Filter>Guis\Header Files</Filter>
    </ClInclude>
    <ClInclude Include="..\source\game\guis\UIRenderWorld.h">
      <Filter>Guis\Header Files</Filter>
    </ClInclude>
    <ClInclude Include="..\source\game\guis\UISlider.h">
      <Filter>Guis\Header Files</Filter>
    </ClInclude>
    <ClInclude Include="..\source\game\guis\UITimeline.h">
      <Filter>Guis\Header Files</Filter>
    </ClInclude>
    <ClInclude Include="..\source\game\guis\UIWindow.h">
      <Filter>Guis\Header Files</Filter>
    </ClInclude>
    <ClInclude Include="..\source\game\guis\UIWindow_Shaped.h">
      <Filter>Guis\Header Files</Filter>
    </ClInclude>
    <ClInclude Include="..\source\game\guis\UserInterfaceExpressions.h">
      <Filter>Guis\Header Files</Filter>
    </ClInclude>
    <ClInclude Include="..\source\game\guis\UserInterfaceLocal.h">
      <Filter>Guis\Header Files</Filter>
    </ClInclude>
    <ClInclude Include="..\source\game\guis\UserInterfaceManager.h">
      <Filter>Guis\Header Files</Filter>
    </ClInclude>
    <ClInclude Include="..\source\game\guis\UserInterfaceManagerLocal.h">
      <Filter>Guis\Header Files</Filter>
    </ClInclude>
    <ClInclude Include="..\source\game\guis\UserInterfaceScript.h">
      <Filter>Guis\Header Files</Filter>
    </ClInclude>
    <ClInclude Include="..\source\game\guis\UserInterfaceTypes.h">
      <Filter>Guis\Header Files</Filter>
    </ClInclude>
    <ClInclude Include="..\source\game\effects\Effects.h">
      <Filter>Effects\Header Files</Filter>
    </ClInclude>
    <ClInclude Include="..\source\game\effects\Flares.h">
      <Filter>Effects\Header Files</Filter>
    </ClInclude>
    <ClInclude Include="..\source\game\effects\FootPrints.h">
      <Filter>Effects\Header Files</Filter>
    </ClInclude>
    <ClInclude Include="..\source\game\effects\HardcodedParticleSystem.h">
      <Filter>Effects\Header Files</Filter>
    </ClInclude>
    <ClInclude Include="..\source\game\effects\PrecipitationSystem.h">
      <Filter>Effects\Header Files</Filter>
    </ClInclude>
    <ClInclude Include="..\source\game\effects\RainEffect.h">
      <Filter>Effects\Header Files</Filter>
    </ClInclude>
    <ClInclude Include="..\source\game\effects\SnowEffect.h">
      <Filter>Effects\Header Files</Filter>
    </ClInclude>
    <ClInclude Include="..\source\game\effects\TemplatedParticleSystem.h">
      <Filter>Effects\Header Files</Filter>
    </ClInclude>
    <ClInclude Include="..\source\game\effects\TireTread.h">
      <Filter>Effects\Header Files</Filter>
    </ClInclude>
    <ClInclude Include="..\source\game\effects\Wakes.h">
      <Filter>Effects\Header Files</Filter>
    </ClInclude>
    <ClInclude Include="..\source\game\effects\WaterEffects.h">
      <Filter>Effects\Header Files</Filter>
    </ClInclude>
    <ClInclude Include="..\source\game\structures\CommandMapPost.h">
      <Filter>Structures\Header Files</Filter>
    </ClInclude>
    <ClInclude Include="..\source\game\structures\DeployMask.h">
      <Filter>Structures\Header Files</Filter>
    </ClInclude>
    <ClInclude Include="..\source\game\structures\DeployRequest.h">
      <Filter>Structures\Header Files</Filter>
    </ClInclude>
    <ClInclude Include="..\source\game\structures\DeployZone.h">
      <Filter>Structures\Header Files</Filter>
    </ClInclude>
    <ClInclude Include="..\source\game\structures\TeamManager.h">
      <Filter>Structures\Header Files</Filter>
    </ClInclude>
    <ClInclude Include="..\source\game\demos\DemoAnalyzer.h">
      <Filter>Demos\Header Files</Filter>
    </ClInclude>
    <ClInclude Include="..\source\game\demos\DemoCamera.h">
      <Filter>Demos\Header Files</Filter>
    </ClInclude>
    <ClInclude Include="..\source\game\demos\DemoManager.h">
      <Filter>Demos\Header Files</Filter>
    </ClInclude>
    <ClInclude Include="..\source\game\demos\DemoScript.h">
      <Filter>Demos\Header Files</Filter>
    </ClInclude>
    <ClInclude Include="..\source\game\sdnet\SDNetManager.h">
      <Filter>SDNet\Header Files</Filter>
    </ClInclude>
    <ClInclude Include="..\source\game\sdnet\SDNetProperties.h">
      <Filter>SDNet\Header Files</Filter>
    </ClInclude>
    <ClInclude Include="..\source\game\misc\Door.h">
      <Filter>Movers\Header Files</Filter>
    </ClInclude>
    <ClInclude Include="..\source\game\misc\General.h">
      <Filter>Movers\Header Files</Filter>
    </ClInclude>
    <ClInclude Include="..\source\game\Mover.h">
      <Filter>Movers\Header Files</Filter>
    </ClInclude>
    <ClInclude Include="..\source\game\botai\Bot.h">
      <Filter>Bot</Filter>
    </ClInclude>
    <ClInclude Include="..\source\game\botai\Bot_Common.h">
      <Filter>Bot</Filter>
    </ClInclude>
    <ClInclude Include="..\source\game\botai\BotThread.h">
      <Filter>Bot</Filter>
    </ClInclude>
    <ClInclude Include="..\source\game\botai\BotThreadData.h">
      <Filter>Bot</Filter>
    </ClInclude>
    <ClInclude Include="..\source\game\botai\BotAI_Actions.h">
      <Filter>Bot\BotAI</Filter>
    </ClInclude>
    <ClInclude Include="..\source\game\botai\BotAI_Debug.h">
      <Filter>Bot\BotAI</Filter>
    </ClInclude>
    <ClInclude Include="..\source\game\botai\BotAI_Main.h">
      <Filter>Bot\BotAI</Filter>
    </ClInclude>
    <ClInclude Include="..\source\game\botai\BotAI_Obstacles.h">
      <Filter>Bot\BotAI</Filter>
    </ClInclude>
    <ClInclude Include="..\source\game\botai\BotAI_Routes.h">
      <Filter>Bot\BotAI</Filter>
    </ClInclude>
    <ClInclude Include="..\source\game\botai\BotAI_VNodes.h">
      <Filter>Bot\BotAI_Vehicle</Filter>
    </ClInclude>
    <ClInclude Include="..\source\game\botai\aas\AAS.h">
      <Filter>Bot\AAS</Filter>
    </ClInclude>
    <ClInclude Include="..\source\game\botai\aas\AAS_local.h">
      <Filter>Bot\AAS</Filter>
    </ClInclude>
    <ClInclude Include="..\source\game\botai\aas\AASCallback_AvoidLocation.h">
      <Filter>Bot\AAS</Filter>
    </ClInclude>
    <ClInclude Include="..\source\game\botai\aas\AASCallback_FindAreaOutOfRange.h">
      <Filter>Bot\AAS</Filter>
    </ClInclude>
    <ClInclude Include="..\source\game\botai\aas\AASCallback_FindCoverArea.h">
      <Filter>Bot\AAS</Filter>
    </ClInclude>
    <ClInclude Include="..\source\game\botai\aas\AASCallback_FindFlaggedArea.h">
      <Filter>Bot\AAS</Filter>
    </ClInclude>
    <ClInclude Include="..\source\game\botai\aas\ObstacleAvoidance.h">
      <Filter>Bot\AAS</Filter>
    </ClInclude>
    <ClInclude Include="..\source\game\docs\wiki.h">
      <Filter>Documentation\Header Files</Filter>
    </ClInclude>
    <ClInclude Include="..\source\game\Game_Precompiled.h">
      <Filter>Game\Header Files</Filter>
    </ClInclude>
  </ItemGroup>
  <ItemGroup>
    <ClCompile Include="..\source\game\AnimatedEntity.cpp">
      <Filter>Game\Source Files</Filter>
    </ClCompile>
    <ClCompile Include="..\source\game\Atmosphere.cpp">
      <Filter>Game\Source Files</Filter>
    </ClCompile>
    <ClCompile Include="..\source\game\AtmosphereRenderable.cpp">
      <Filter>Game\Source Files</Filter>
    </ClCompile>
    <ClCompile Include="..\source\framework\BuildVersion.cpp">
      <Filter>Game\Source Files</Filter>
    </ClCompile>
    <ClCompile Include="..\source\game\Camera.cpp">
      <Filter>Game\Source Files</Filter>
    </ClCompile>
    <ClCompile Include="..\source\game\Effect.cpp">
      <Filter>Game\Source Files</Filter>
    </ClCompile>
    <ClCompile Include="..\source\game\Entity.cpp">
      <Filter>Game\Source Files</Filter>
    </ClCompile>
    <ClCompile Include="..\source\game\Game_local.cpp">
      <Filter>Game\Source Files</Filter>
    </ClCompile>
    <ClCompile Include="..\source\game\Game_Repeater.cpp">
      <Filter>Game\Source Files</Filter>
    </ClCompile>
    <ClCompile Include="..\source\game\Game_ui.cpp">
      <Filter>Game\Source Files</Filter>
    </ClCompile>
    <ClCompile Include="..\source\game\GameEdit.cpp">
      <Filter>Game\Source Files</Filter>
    </ClCompile>
    <ClCompile Include="..\source\game\Item.cpp">
      <Filter>Game\Source Files</Filter>
    </ClCompile>
    <ClCompile Include="..\source\game\Light.cpp">
      <Filter>Game\Source Files</Filter>
    </ClCompile>
    <ClCompile Include="..\source\game\LimboProperties.cpp">
      <Filter>Game\Source Files</Filter>
    </ClCompile>
    <ClCompile Include="..\source\game\Misc.cpp">
      <Filter>Game\Source Files</Filter>
    </ClCompile>
    <ClCompile Include="..\source\game\Moveable.cpp">
      <Filter>Game\Source Files</Filter>
    </ClCompile>
    <ClCompile Include="..\source\game\Sound.cpp">
      <Filter>Game\Source Files</Filter>
    </ClCompile>
    <ClCompile Include="..\source\game\StuffSystem.cpp">
      <Filter>Game\Source Files</Filter>
    </ClCompile>
    <ClCompile Include="..\source\game\Target.cpp">
      <Filter>Game\Source Files</Filter>
    </ClCompile>
    <ClCompile Include="..\source\game\Teleporter.cpp">
      <Filter>Game\Source Files</Filter>
    </ClCompile>
    <ClCompile Include="..\source\game\Trigger.cpp">
      <Filter>Game\Source Files</Filter>
    </ClCompile>
    <ClCompile Include="..\source\game\UpdateManager.cpp">
      <Filter>Game\Source Files</Filter>
    </ClCompile>
    <ClCompile Include="..\source\game\WorldSpawn.cpp">
      <Filter>Game\Source Files</Filter>
    </ClCompile>
    <ClCompile Include="..\source\game\AF.cpp">
      <Filter>Anim\Source Files</Filter>
    </ClCompile>
    <ClCompile Include="..\source\game\AFEntity.cpp">
      <Filter>Anim\Source Files</Filter>
    </ClCompile>
    <ClCompile Include="..\source\game\anim\Anim.cpp">
      <Filter>Anim\Source Files</Filter>
    </ClCompile>
    <ClCompile Include="..\source\game\anim\Anim_Blend.cpp">
      <Filter>Anim\Source Files</Filter>
    </ClCompile>
    <ClCompile Include="..\source\game\anim\Anim_FrameCommands.cpp">
      <Filter>Anim\Source Files</Filter>
    </ClCompile>
    <ClCompile Include="..\source\game\anim\Anim_Import.cpp">
      <Filter>Anim\Source Files</Filter>
    </ClCompile>
    <ClCompile Include="..\source\game\anim\Anim_Testmodel.cpp">
      <Filter>Anim\Source Files</Filter>
    </ClCompile>
    <ClCompile Include="..\source\game\IK.cpp">
      <Filter>Anim\Source Files</Filter>
    </ClCompile>
    <ClCompile Include="..\source\game\rules\AdminSystem.cpp">
      <Filter>Rules\Source Files</Filter>
    </ClCompile>
    <ClCompile Include="..\source\game\rules\GameRules.cpp">
      <Filter>Rules\Source Files</Filter>
    </ClCompile>
    <ClCompile Include="..\source\game\rules\GameRules_Campaign.cpp">
      <Filter>Rules\Source Files</Filter>
    </ClCompile>
    <ClCompile Include="..\source\game\rules\GameRules_Objective.cpp">
      <Filter>Rules\Source Files</Filter>
    </ClCompile>
    <ClCompile Include="..\source\game\rules\GameRules_StopWatch.cpp">
      <Filter>Rules\Source Files</Filter>
    </ClCompile>
    <ClCompile Include="..\source\game\rules\GUIDState.cpp">
      <Filter>Rules\Source Files</Filter>
    </ClCompile>
    <ClCompile Include="..\source\game\rules\UserGroup.cpp">
      <Filter>Rules\Source Files</Filter>
    </ClCompile>
    <ClCompile Include="..\source\game\rules\VoteManager.cpp">
      <Filter>Rules\Source Files</Filter>
    </ClCompile>
    <ClCompile Include="..\source\game\gamesys\Class.cpp">
      <Filter>GameSys\Source Files</Filter>
    </ClCompile>
    <ClCompile Include="..\source\game\gamesys\DebugGraph.cpp">
      <Filter>GameSys\Source Files</Filter>
    </ClCompile>
    <ClCompile Include="..\source\game\gamesys\DeviceContextHelper.cpp">
      <Filter>GameSys\Source Files</Filter>
    </ClCompile>
    <ClCompile Include="..\source\game\gamesys\Event.cpp">
      <Filter>GameSys\Source Files</Filter>
    </ClCompile>
    <ClCompile Include="..\source\game\gamesys\Pvs.cpp">
      <Filter>GameSys\Source Files</Filter>
    </ClCompile>
    <ClCompile Include="..\source\game\gamesys\SysCmds.cpp">
      <Filter>GameSys\Source Files</Filter>
    </ClCompile>
    <ClCompile Include="..\source\game\gamesys\SysCvar.cpp">
      <Filter>GameSys\Source Files</Filter>
    </ClCompile>
    <ClCompile Include="..\source\game\physics\Clip.cpp">
      <Filter>Physics\Source Files</Filter>
    </ClCompile>
    <ClCompile Include="..\source\game\physics\ClipModel.cpp">
      <Filter>Physics\Source Files</Filter>
    </ClCompile>
    <ClCompile Include="..\source\game\physics\Force.cpp">
      <Filter>Physics\Source Files</Filter>
    </ClCompile>
    <ClCompile Include="..\source\game\physics\Force_Constant.cpp">
      <Filter>Physics\Source Files</Filter>
    </ClCompile>
    <ClCompile Include="..\source\game\physics\Force_Drag.cpp">
      <Filter>Physics\Source Files</Filter>
    </ClCompile>
    <ClCompile Include="..\source\game\physics\Force_Field.cpp">
      <Filter>Physics\Source Files</Filter>
    </ClCompile>
    <ClCompile Include="..\source\game\physics\Force_Spring.cpp">
      <Filter>Physics\Source Files</Filter>
    </ClCompile>
    <ClCompile Include="..\source\game\physics\Physics.cpp">
      <Filter>Physics\Source Files</Filter>
    </ClCompile>
    <ClCompile Include="..\source\game\physics\Physics_Actor.cpp">
      <Filter>Physics\Source Files</Filter>
    </ClCompile>
    <ClCompile Include="..\source\game\physics\Physics_AF.cpp">
      <Filter>Physics\Source Files</Filter>
    </ClCompile>
    <ClCompile Include="..\source\game\physics\Physics_Base.cpp">
      <Filter>Physics\Source Files</Filter>
    </ClCompile>
    <ClCompile Include="..\source\game\physics\Physics_JetPack.cpp">
      <Filter>Physics\Source Files</Filter>
    </ClCompile>
    <ClCompile Include="..\source\game\physics\Physics_Linear.cpp">
      <Filter>Physics\Source Files</Filter>
    </ClCompile>
    <ClCompile Include="..\source\game\physics\Physics_Monster.cpp">
      <Filter>Physics\Source Files</Filter>
    </ClCompile>
    <ClCompile Include="..\source\game\physics\Physics_Parabola.cpp">
      <Filter>Physics\Source Files</Filter>
    </ClCompile>
    <ClCompile Include="..\source\game\physics\Physics_Parametric.cpp">
      <Filter>Physics\Source Files</Filter>
    </ClCompile>
    <ClCompile Include="..\source\game\physics\Physics_Player.cpp">
      <Filter>Physics\Source Files</Filter>
    </ClCompile>
    <ClCompile Include="..\source\game\physics\Physics_RigidBody.cpp">
      <Filter>Physics\Source Files</Filter>
    </ClCompile>
    <ClCompile Include="..\source\game\physics\Physics_RigidBodyMultiple.cpp">
      <Filter>Physics\Source Files</Filter>
    </ClCompile>
    <ClCompile Include="..\source\game\physics\Physics_Simple.cpp">
      <Filter>Physics\Source Files</Filter>
    </ClCompile>
    <ClCompile Include="..\source\game\physics\Physics_SimpleRigidBody.cpp">
      <Filter>Physics\Source Files</Filter>
    </ClCompile>
    <ClCompile Include="..\source\game\physics\Physics_SimpleSpline.cpp">
      <Filter>Physics\Source Files</Filter>
    </ClCompile>
    <ClCompile Include="..\source\game\physics\Physics_Static.cpp">
      <Filter>Physics\Source Files</Filter>
    </ClCompile>
    <ClCompile Include="..\source\game\physics\Physics_StaticMulti.cpp">
      <Filter>Physics\Source Files</Filter>
    </ClCompile>
    <ClCompile Include="..\source\game\physics\PhysicsEvent.cpp">
      <Filter>Physics\Source Files</Filter>
    </ClCompile>
    <ClCompile Include="..\source\game\physics\Push.cpp">
      <Filter>Physics\Source Files</Filter>
    </ClCompile>
    <ClCompile Include="..\source\game\physics\TraceModelCache.cpp">
      <Filter>Physics\Source Files</Filter>
    </ClCompile>
    <ClCompile Include="..\source\game\script\Script_Compiler.cpp">
      <Filter>Script\Source Files</Filter>
    </ClCompile>
    <ClCompile Include="..\source\game\script\Script_DLL.cpp">
      <Filter>Script\Source Files</Filter>
    </ClCompile>
    <ClCompile Include="..\source\game\script\Script_Exporter.cpp">
      <Filter>Script\Source Files</Filter>
    </ClCompile>
    <ClCompile Include="..\source\game\script\Script_Helper.cpp">
      <Filter>Script\Source Files</Filter>
    </ClCompile>
    <ClCompile Include="..\source\game\script\Script_Interface.cpp">
      <Filter>Script\Source Files</Filter>
    </ClCompile>
    <ClCompile Include="..\source\game\script\Script_Interpreter.cpp">
      <Filter>Script\Source Files</Filter>
    </ClCompile>
    <ClCompile Include="..\source\game\script\Script_Program.cpp">
      <Filter>Script\Source Files</Filter>
    </ClCompile>
    <ClCompile Include="..\source\game\script\Script_ScriptObject.cpp">
      <Filter>Script\Source Files</Filter>
    </ClCompile>
    <ClCompile Include="..\source\game\script\Script_SysCall.cpp">
      <Filter>Script\Source Files</Filter>
    </ClCompile>
    <ClCompile Include="..\source\game\script\Script_Thread.cpp">
      <Filter>Script\Source Files</Filter>
    </ClCompile>
    <ClCompile Include="..\source\game\ScriptEntity.cpp">
      <Filter>Script\Source Files</Filter>
    </ClCompile>
    <ClCompile Include="..\source\game\script\ScriptEntityHelpers.cpp">
      <Filter>Script\Source Files</Filter>
    </ClCompile>
    <ClCompile Include="..\source\game\Projectile.cpp">
      <Filter>Weapons\Source Files</Filter>
    </ClCompile>
    <ClCompile Include="..\source\game\Weapon.cpp">
      <Filter>Weapons\Source Files</Filter>
    </ClCompile>
    <ClCompile Include="..\source\game\vehicles\Attachments.cpp">
      <Filter>Vehicles\Source Files</Filter>
    </ClCompile>
    <ClCompile Include="..\source\game\vehicles\JetPack.cpp">
      <Filter>Vehicles\Source Files</Filter>
    </ClCompile>
    <ClCompile Include="..\source\game\vehicles\Pathing.cpp">
      <Filter>Vehicles\Source Files</Filter>
    </ClCompile>
    <ClCompile Include="..\source\game\vehicles\RouteConstraint.cpp">
      <Filter>Vehicles\Source Files</Filter>
    </ClCompile>
    <ClCompile Include="..\source\game\vehicles\SoundControl.cpp">
      <Filter>Vehicles\Source Files</Filter>
    </ClCompile>
    <ClCompile Include="..\source\game\vehicles\Transport.cpp">
      <Filter>Vehicles\Source Files</Filter>
    </ClCompile>
    <ClCompile Include="..\source\game\vehicles\TransportComponents.cpp">
      <Filter>Vehicles\Source Files</Filter>
    </ClCompile>
    <ClCompile Include="..\source\game\vehicles\TransportExtras.cpp">
      <Filter>Vehicles\Source Files</Filter>
    </ClCompile>
    <ClCompile Include="..\source\game\vehicles\TransportSystems.cpp">
      <Filter>Vehicles\Source Files</Filter>
    </ClCompile>
    <ClCompile Include="..\source\game\vehicles\Vehicle_RigidBody.cpp">
      <Filter>Vehicles\Source Files</Filter>
    </ClCompile>
    <ClCompile Include="..\source\game\vehicles\VehicleControl.cpp">
      <Filter>Vehicles\Source Files</Filter>
    </ClCompile>
    <ClCompile Include="..\source\game\vehicles\VehicleIK.cpp">
      <Filter>Vehicles\Source Files</Filter>
    </ClCompile>
    <ClCompile Include="..\source\game\vehicles\VehicleSuspension.cpp">
      <Filter>Vehicles\Source Files</Filter>
    </ClCompile>
    <ClCompile Include="..\source\game\vehicles\VehicleView.cpp">
      <Filter>Vehicles\Source Files</Filter>
    </ClCompile>
    <ClCompile Include="..\source\game\vehicles\VehicleWeapon.cpp">
      <Filter>Vehicles\Source Files</Filter>
    </ClCompile>
    <ClCompile Include="..\source\game\vehicles\Walker.cpp">
      <Filter>Vehicles\Source Files</Filter>
    </ClCompile>
    <ClCompile Include="..\source\game\roles\FireTeams.cpp">
      <Filter>Roles\Source Files</Filter>
    </ClCompile>
    <ClCompile Include="..\source\game\roles\ObjectiveManager.cpp">
      <Filter>Roles\Source Files</Filter>
    </ClCompile>
    <ClCompile Include="..\source\game\roles\RoleManager.cpp">
      <Filter>Roles\Source Files</Filter>
    </ClCompile>
    <ClCompile Include="..\source\game\roles\Tasks.cpp">
      <Filter>Roles\Source Files</Filter>
    </ClCompile>
    <ClCompile Include="..\source\game\roles\WayPointManager.cpp">
      <Filter>Roles\Source Files</Filter>
    </ClCompile>
    <ClCompile Include="..\source\game\proficiency\ProficiencyManager.cpp">
      <Filter>Proficiency\Source Files</Filter>
    </ClCompile>
    <ClCompile Include="..\source\game\proficiency\StatsTracker.cpp">
      <Filter>Proficiency\Source Files</Filter>
    </ClCompile>
    <ClCompile Include="..\source\game\Actor.cpp">
      <Filter>Player\Source Files</Filter>
    </ClCompile>
    <ClCompile Include="..\source\game\AntiLag.cpp">
      <Filter>Player\Source Files</Filter>
    </ClCompile>
    <ClCompile Include="..\source\game\roles\HudModule.cpp">
      <Filter>Player\Source Files</Filter>
    </ClCompile>
    <ClCompile Include="..\source\game\InputMode.cpp">
      <Filter>Player\Source Files</Filter>
    </ClCompile>
    <ClCompile Include="..\source\game\roles\Inventory.cpp">
      <Filter>Player\Source Files</Filter>
    </ClCompile>
    <ClCompile Include="..\source\game\Waypoints\LocationMarker.cpp">
      <Filter>Player\Source Files</Filter>
    </ClCompile>
    <ClCompile Include="..\source\game\Player.cpp">
      <Filter>Player\Source Files</Filter>
    </ClCompile>
    <ClCompile Include="..\source\game\PlayerIcon.cpp">
      <Filter>Player\Source Files</Filter>
    </ClCompile>
    <ClCompile Include="..\source\game\PlayerProperties.cpp">
      <Filter>Player\Source Files</Filter>
    </ClCompile>
    <ClCompile Include="..\source\game\PlayerView.cpp">
      <Filter>Player\Source Files</Filter>
    </ClCompile>
    <ClCompile Include="..\source\game\CommandMapInfo.cpp">
      <Filter>View\Source Files</Filter>
    </ClCompile>
    <ClCompile Include="..\source\game\CrosshairInfo.cpp">
      <Filter>View\Source Files</Filter>
    </ClCompile>
    <ClCompile Include="..\source\game\AORManager.cpp">
      <Filter>Network\Source Files</Filter>
    </ClCompile>
    <ClCompile Include="..\source\game\Game_network.cpp">
      <Filter>Network\Source Files</Filter>
    </ClCompile>
    <ClCompile Include="..\source\game\PredictionErrorDecay.cpp">
      <Filter>Network\Source Files</Filter>
    </ClCompile>
    <ClCompile Include="..\source\game\network\SnapshotState.cpp">
      <Filter>Network\Source Files</Filter>
    </ClCompile>
    <ClCompile Include="..\source\game\misc\AdEntity.cpp">
      <Filter>Misc\Source Files</Filter>
    </ClCompile>
    <ClCompile Include="..\source\game\misc\DefenceTurret.cpp">
      <Filter>Misc\Source Files</Filter>
    </ClCompile>
    <ClCompile Include="..\source\game\misc\DeliveryVehicle.cpp">
      <Filter>Misc\Source Files</Filter>
    </ClCompile>
    <ClCompile Include="..\source\game\misc\Parachute.cpp">
      <Filter>Misc\Source Files</Filter>
    </ClCompile>
    <ClCompile Include="..\source\game\misc\PlayerBody.cpp">
      <Filter>Misc\Source Files</Filter>
    </ClCompile>
    <ClCompile Include="..\source\game\misc\ProfileHelper.cpp">
      <Filter>Misc\Source Files</Filter>
    </ClCompile>
    <ClCompile Include="..\source\game\misc\RenderEntityBundle.cpp">
      <Filter>Misc\Source Files</Filter>
    </ClCompile>
    <ClCompile Include="..\source\game\misc\RepairDrone.cpp">
      <Filter>Misc\Source Files</Filter>
    </ClCompile>
    <ClCompile Include="..\source\game\client\ClientEffect.cpp">
      <Filter>Client\Source Files</Filter>
    </ClCompile>
    <ClCompile Include="..\source\game\client\ClientEntity.cpp">
      <Filter>Client\Source Files</Filter>
    </ClCompile>
    <ClCompile Include="..\source\game\client\ClientMoveable.cpp">
      <Filter>Client\Source Files</Filter>
    </ClCompile>
    <ClCompile Include="..\source\game\interfaces\TaskInterface.cpp">
      <Filter>Interfaces\Source Files</Filter>
    </ClCompile>
    <ClCompile Include="..\source\game\guis\GuiSurface.cpp">
      <Filter>Guis\Source Files</Filter>
    </ClCompile>
    <ClCompile Include="..\source\game\guis\GuiSurfaceRenderable.cpp">
      <Filter>Guis\Source Files</Filter>
    </ClCompile>
    <ClCompile Include="..\source\game\guis\UIBinder.cpp">
      <Filter>Guis\Source Files</Filter>
    </ClCompile>
    <ClCompile Include="..\source\game\guis\UICinematic.cpp">
      <Filter>Guis\Source Files</Filter>
    </ClCompile>
    <ClCompile Include="..\source\game\guis\UICreditScroll.cpp">
      <Filter>Guis\Source Files</Filter>
    </ClCompile>
    <ClCompile Include="..\source\game\guis\UICrosshairInfo.cpp">
      <Filter>Guis\Source Files</Filter>
    </ClCompile>
    <ClCompile Include="..\source\game\guis\UIEdit.cpp">
      <Filter>Guis\Source Files</Filter>
    </ClCompile>
    <ClCompile Include="..\source\game\guis\UIEditW.cpp">
      <Filter>Guis\Source Files</Filter>
    </ClCompile>
    <ClCompile Include="..\source\game\guis\UIIconNotification.cpp">
      <Filter>Guis\Source Files</Filter>
    </ClCompile>
    <ClCompile Include="..\source\game\guis\UILayout.cpp">
      <Filter>Guis\Source Files</Filter>
    </ClCompile>
    <ClCompile Include="..\source\game\guis\UIList.cpp">
      <Filter>Guis\Source Files</Filter>
    </ClCompile>
    <ClCompile Include="..\source\game\guis\UIList_Script.cpp">
      <Filter>Guis\Source Files</Filter>
    </ClCompile>
    <ClCompile Include="..\source\game\guis\UIMarquee.cpp">
      <Filter>Guis\Source Files</Filter>
    </ClCompile>
    <ClCompile Include="..\source\game\guis\UINews.cpp">
      <Filter>Guis\Source Files</Filter>
    </ClCompile>
    <ClCompile Include="..\source\game\guis\UIObject.cpp">
      <Filter>Guis\Source Files</Filter>
    </ClCompile>
    <ClCompile Include="..\source\game\guis\UIObjectScriptState.cpp">
      <Filter>Guis\Source Files</Filter>
    </ClCompile>
    <ClCompile Include="..\source\game\guis\UIProgress.cpp">
      <Filter>Guis\Source Files</Filter>
    </ClCompile>
    <ClCompile Include="..\source\game\guis\UIRadialMenu.cpp">
      <Filter>Guis\Source Files</Filter>
    </ClCompile>
    <ClCompile Include="..\source\game\guis\UIRenderWorld.cpp">
      <Filter>Guis\Source Files</Filter>
    </ClCompile>
    <ClCompile Include="..\source\game\guis\UISlider.cpp">
      <Filter>Guis\Source Files</Filter>
    </ClCompile>
    <ClCompile Include="..\source\game\guis\UITimeline.cpp">
      <Filter>Guis\Source Files</Filter>
    </ClCompile>
    <ClCompile Include="..\source\game\guis\UIWindow.cpp">
      <Filter>Guis\Source Files</Filter>
    </ClCompile>
    <ClCompile Include="..\source\game\guis\UIWindow_Script.cpp">
      <Filter>Guis\Source Files</Filter>
    </ClCompile>
    <ClCompile Include="..\source\game\guis\UIWindow_Shaped.cpp">
      <Filter>Guis\Source Files</Filter>
    </ClCompile>
    <ClCompile Include="..\source\game\guis\UserInterfaceExpressions.cpp">
      <Filter>Guis\Source Files</Filter>
    </ClCompile>
    <ClCompile Include="..\source\game\guis\UserInterfaceLocal.cpp">
      <Filter>Guis\Source Files</Filter>
    </ClCompile>
    <ClCompile Include="..\source\game\guis\UserInterfaceLocal_Eval.cpp">
      <Filter>Guis\Source Files</Filter>
    </ClCompile>
    <ClCompile Include="..\source\game\guis\UserInterfaceLocal_Script.cpp">
      <Filter>Guis\Source Files</Filter>
    </ClCompile>
    <ClCompile Include="..\source\game\guis\UserInterfaceLocal_Script_Game.cpp">
      <Filter>Guis\Source Files</Filter>
    </ClCompile>
    <ClCompile Include="..\source\game\guis\UserInterfaceManagerLocal.cpp">
      <Filter>Guis\Source Files</Filter>
    </ClCompile>
    <ClCompile Include="..\source\game\guis\UserInterfaceScript.cpp">
      <Filter>Guis\Source Files</Filter>
    </ClCompile>
    <ClCompile Include="..\source\game\guis\UserInterfaceTypes.cpp">
      <Filter>Guis\Source Files</Filter>
    </ClCompile>
    <ClCompile Include="..\source\game\effects\Effects.cpp">
      <Filter>Effects\Source Files</Filter>
    </ClCompile>
    <ClCompile Include="..\source\game\effects\Flares.cpp">
      <Filter>Effects\Source Files</Filter>
    </ClCompile>
    <ClCompile Include="..\source\game\effects\FootPrints.cpp">
      <Filter>Effects\Source Files</Filter>
    </ClCompile>
    <ClCompile Include="..\source\game\effects\HardcodedParticleSystem.cpp">
      <Filter>Effects\Source Files</Filter>
    </ClCompile>
    <ClCompile Include="..\source\game\effects\RainEffect.cpp">
      <Filter>Effects\Source Files</Filter>
    </ClCompile>
    <ClCompile Include="..\source\game\effects\SnowEffect.cpp">
      <Filter>Effects\Source Files</Filter>
    </ClCompile>
    <ClCompile Include="..\source\game\effects\TireTread.cpp">
      <Filter>Effects\Source Files</Filter>
    </ClCompile>
    <ClCompile Include="..\source\game\effects\Wakes.cpp">
      <Filter>Effects\Source Files</Filter>
    </ClCompile>
    <ClCompile Include="..\source\game\effects\WaterEffects.cpp">
      <Filter>Effects\Source Files</Filter>
    </ClCompile>
    <ClCompile Include="..\source\game\structures\CommandMapPost.cpp">
      <Filter>Structures\Source Files</Filter>
    </ClCompile>
    <ClCompile Include="..\source\game\structures\DeployMask.cpp">
      <Filter>Structures\Source Files</Filter>
    </ClCompile>
    <ClCompile Include="..\source\game\structures\DeployRequest.cpp">
      <Filter>Structures\Source Files</Filter>
    </ClCompile>
    <ClCompile Include="..\source\game\structures\DeployZone.cpp">
      <Filter>Structures\Source Files</Filter>
    </ClCompile>
    <ClCompile Include="..\source\game\structures\TeamManager.cpp">
      <Filter>Structures\Source Files</Filter>
    </ClCompile>
    <ClCompile Include="..\source\game\demos\DemoAnalyzer.cpp">
      <Filter>Demos\Source Files</Filter>
    </ClCompile>
    <ClCompile Include="..\source\game\demos\DemoCamera.cpp">
      <Filter>Demos\Source Files</Filter>
    </ClCompile>
    <ClCompile Include="..\source\game\demos\DemoManager.cpp">
      <Filter>Demos\Source Files</Filter>
    </ClCompile>
    <ClCompile Include="..\source\game\demos\DemoScript.cpp">
      <Filter>Demos\Source Files</Filter>
    </ClCompile>
    <ClCompile Include="..\source\game\sdnet\SDNetManager.cpp">
      <Filter>SDNet\Source Files</Filter>
    </ClCompile>
    <ClCompile Include="..\source\game\sdnet\SDNetProperties.cpp">
      <Filter>SDNet\Source Files</Filter>
    </ClCompile>
    <ClCompile Include="..\source\game\misc\Door.cpp">
      <Filter>Movers\Source Files</Filter>
    </ClCompile>
    <ClCompile Include="..\source\game\misc\General.cpp">
      <Filter>Movers\Source Files</Filter>
    </ClCompile>
    <ClCompile Include="..\source\game\Mover.cpp">
      <Filter>Movers\Source Files</Filter>
    </ClCompile>
    <ClCompile Include="..\source\game\botai\Bot.cpp">
      <Filter>Bot</Filter>
    </ClCompile>
    <ClCompile Include="..\source\game\botai\BotThread.cpp">
      <Filter>Bot</Filter>
    </ClCompile>
    <ClCompile Include="..\source\game\botai\BotThreadData.cpp">
      <Filter>Bot</Filter>
    </ClCompile>
    <ClCompile Include="..\source\game\botai\BotAI_Actions.cpp">
      <Filter>Bot\BotAI</Filter>
    </ClCompile>
    <ClCompile Include="..\source\game\botai\BotAI_CombatNet.cpp">
      <Filter>Bot\BotAI</Filter>
    </ClCompile>
    <ClCompile Include="..\source\game\botai\BotAI_Debug.cpp">
      <Filter>Bot\BotAI</Filter>
    </ClCompile>
    <ClCompile Include="..\source\game\botai\BotAI_DMNet.cpp">
      <Filter>Bot\BotAI</Filter>
    </ClCompile>
    <ClCompile Include="..\source\game\botai\BotAI_FightUtils.cpp">
      <Filter>Bot\BotAI</Filter>
    </ClCompile>
    <ClCompile Include="..\source\game\botai\BotAI_Goals.cpp">
      <Filter>Bot\BotAI</Filter>
    </ClCompile>
    <ClCompile Include="..\source\game\botai\BotAI_LTGNet.cpp">
      <Filter>Bot\BotAI</Filter>
    </ClCompile>
    <ClCompile Include="..\source\game\botai\BotAI_Main.cpp">
      <Filter>Bot\BotAI</Filter>
    </ClCompile>
    <ClCompile Include="..\source\game\botai\BotAI_MoveNet.cpp">
      <Filter>Bot\BotAI</Filter>
    </ClCompile>
    <ClCompile Include="..\source\game\botai\BotAI_MoveUtils.cpp">
      <Filter>Bot\BotAI</Filter>
    </ClCompile>
    <ClCompile Include="..\source\game\botai\BotAI_NBGNet.cpp">
      <Filter>Bot\BotAI</Filter>
    </ClCompile>
    <ClCompile Include="..\source\game\botai\BotAI_Obstacles.cpp">
      <Filter>Bot\BotAI</Filter>
    </ClCompile>
    <ClCompile Include="..\source\game\botai\BotAI_Routes.cpp">
      <Filter>Bot\BotAI</Filter>
    </ClCompile>
    <ClCompile Include="..\source\game\botai\BotAI_Utils.cpp">
      <Filter>Bot\BotAI</Filter>
    </ClCompile>
    <ClCompile Include="..\source\game\botai\BotAI_Navigation.cpp">
      <Filter>Bot\BotAI_Vehicle</Filter>
    </ClCompile>
    <ClCompile Include="..\source\game\botai\BotAI_NodeCommands.cpp">
      <Filter>Bot\BotAI_Vehicle</Filter>
    </ClCompile>
    <ClCompile Include="..\source\game\botai\BotAI_VCombatNet.cpp">
      <Filter>Bot\BotAI_Vehicle</Filter>
    </ClCompile>
    <ClCompile Include="..\source\game\botai\BotAI_VCombatUtils.cpp">
      <Filter>Bot\BotAI_Vehicle</Filter>
    </ClCompile>
    <ClCompile Include="..\source\game\botai\BotAI_VDMNet.cpp">
      <Filter>Bot\BotAI_Vehicle</Filter>
    </ClCompile>
    <ClCompile Include="..\source\game\botai\BotAI_VMain.cpp">
      <Filter>Bot\BotAI_Vehicle</Filter>
    </ClCompile>
    <ClCompile Include="..\source\game\botai\BotAI_VMoveNet.cpp">
      <Filter>Bot\BotAI_Vehicle</Filter>
    </ClCompile>
    <ClCompile Include="..\source\game\botai\BotAI_VNodes.cpp">
      <Filter>Bot\BotAI_Vehicle</Filter>
    </ClCompile>
    <ClCompile Include="..\source\game\botai\BotAI_VUtils.cpp">
      <Filter>Bot\BotAI_Vehicle</Filter>
    </ClCompile>
    <ClCompile Include="..\source\game\botai\aas\AAS.cpp">
      <Filter>Bot\AAS</Filter>
    </ClCompile>
    <ClCompile Include="..\source\game\botai\aas\AAS_debug.cpp">
      <Filter>Bot\AAS</Filter>
    </ClCompile>
    <ClCompile Include="..\source\game\botai\aas\AAS_pathing.cpp">
      <Filter>Bot\AAS</Filter>
    </ClCompile>
    <ClCompile Include="..\source\game\botai\aas\AAS_routing.cpp">
      <Filter>Bot\AAS</Filter>
    </ClCompile>
    <ClCompile Include="..\source\game\botai\aas\AASCallback_AvoidLocation.cpp">
      <Filter>Bot\AAS</Filter>
    </ClCompile>
    <ClCompile Include="..\source\game\botai\aas\AASCallback_FindAreaOutOfRange.cpp">
      <Filter>Bot\AAS</Filter>
    </ClCompile>
    <ClCompile Include="..\source\game\botai\aas\AASCallback_FindCoverArea.cpp">
      <Filter>Bot\AAS</Filter>
    </ClCompile>
    <ClCompile Include="..\source\game\botai\aas\AASCallback_FindFlaggedArea.cpp">
      <Filter>Bot\AAS</Filter>
    </ClCompile>
    <ClCompile Include="..\source\game\botai\aas\ObstacleAvoidance.cpp">
      <Filter>Bot\AAS</Filter>
    </ClCompile>
    <ClCompile Include="..\source\game\docs\wiki.cpp">
      <Filter>Documentation\Source Files</Filter>
    </ClCompile>
    <ClCompile Include="..\source\game\Game_Precompiled.cpp">
      <Filter>Game\Source Files</Filter>
    </ClCompile>
  </ItemGroup>
</Project>