<?xml version="1.0" encoding="utf-8"?>
<Project ToolsVersion="4.0" xmlns="http://schemas.microsoft.com/developer/msbuild/2003">
  <ItemGroup>
    <Filter Include="Source Files">
      <UniqueIdentifier>{4FC737F1-C7A5-4376-A066-2A32D752A2FF}</UniqueIdentifier>
      <Extensions>cpp;c;cc;cxx;def;odl;idl;hpj;bat;asm;asmx</Extensions>
    </Filter>
    <Filter Include="Header Files">
      <UniqueIdentifier>{93995380-89BD-4b04-88EB-625FBE52EBFB}</UniqueIdentifier>
      <Extensions>h;hpp;hxx;hm;inl;inc;xsd</Extensions>
    </Filter>
  </ItemGroup>
  <ItemGroup>
    <ClCompile Include="..\source\game\decls\DeclAmmoType.cpp">
      <Filter>Source Files</Filter>
    </ClCompile>
    <ClCompile Include="..\source\game\decls\DeclAOR.cpp">
      <Filter>Source Files</Filter>
    </ClCompile>
    <ClCompile Include="..\source\game\decls\DeclCampaign.cpp">
      <Filter>Source Files</Filter>
    </ClCompile>
    <ClCompile Include="..\source\game\decls\DeclDamage.cpp">
      <Filter>Source Files</Filter>
    </ClCompile>
    <ClCompile Include="..\source\game\decls\DeclDamageFilter.cpp">
      <Filter>Source Files</Filter>
    </ClCompile>
    <ClCompile Include="..\source\game\decls\DeclDeployableObject.cpp">
      <Filter>Source Files</Filter>
    </ClCompile>
    <ClCompile Include="..\source\game\decls\DeclDeployableZone.cpp">
      <Filter>Source Files</Filter>
    </ClCompile>
    <ClCompile Include="..\source\game\decls\DeclDeployMask.cpp">
      <Filter>Source Files</Filter>
    </ClCompile>
    <ClCompile Include="..\source\game\decls\DeclGUI.cpp">
      <Filter>Source Files</Filter>
    </ClCompile>
    <ClCompile Include="..\source\game\decls\DeclGUITheme.cpp">
      <Filter>Source Files</Filter>
    </ClCompile>
    <ClCompile Include="..\source\game\decls\DeclHeightMap.cpp">
      <Filter>Source Files</Filter>
    </ClCompile>
    <ClCompile Include="..\source\game\decls\DeclInvItem.cpp">
      <Filter>Source Files</Filter>
    </ClCompile>
    <ClCompile Include="..\source\game\decls\DeclInvItemType.cpp">
      <Filter>Source Files</Filter>
    </ClCompile>
    <ClCompile Include="..\source\game\decls\DeclInvSlot.cpp">
      <Filter>Source Files</Filter>
    </ClCompile>
    <ClCompile Include="..\source\game\decls\DeclItemPackage.cpp">
      <Filter>Source Files</Filter>
    </ClCompile>
    <ClCompile Include="..\source\game\decls\DeclKeyBinding.cpp">
      <Filter>Source Files</Filter>
    </ClCompile>
    <ClCompile Include="..\source\game\decls\DeclMapInfo.cpp">
      <Filter>Source Files</Filter>
    </ClCompile>
    <ClCompile Include="..\source\game\decls\DeclPlayerClass.cpp">
      <Filter>Source Files</Filter>
    </ClCompile>
    <ClCompile Include="..\source\game\decls\DeclPlayerTask.cpp">
      <Filter>Source Files</Filter>
    </ClCompile>
    <ClCompile Include="..\source\game\decls\DeclProficiencyItem.cpp">
      <Filter>Source Files</Filter>
    </ClCompile>
    <ClCompile Include="..\source\game\decls\DeclProficiencyType.cpp">
      <Filter>Source Files</Filter>
    </ClCompile>
    <ClCompile Include="..\source\game\decls\DeclQuickChat.cpp">
      <Filter>Source Files</Filter>
    </ClCompile>
    <ClCompile Include="..\source\game\decls\DeclRadialMenu.cpp">
      <Filter>Source Files</Filter>
    </ClCompile>
    <ClCompile Include="..\source\game\decls\DeclRank.cpp">
      <Filter>Source Files</Filter>
    </ClCompile>
    <ClCompile Include="..\source\game\decls\DeclRating.cpp">
      <Filter>Source Files</Filter>
    </ClCompile>
    <ClCompile Include="..\source\game\decls\DeclRequirement.cpp">
      <Filter>Source Files</Filter>
    </ClCompile>
    <ClCompile Include="..\source\game\decls\DeclStringMap.cpp">
      <Filter>Source Files</Filter>
    </ClCompile>
    <ClCompile Include="..\source\game\decls\DeclTargetInfo.cpp">
      <Filter>Source Files</Filter>
    </ClCompile>
    <ClCompile Include="..\source\game\decls\DeclToolTip.cpp">
      <Filter>Source Files</Filter>
    </ClCompile>
    <ClCompile Include="..\source\decllib\DeclType.cpp">
      <Filter>Source Files</Filter>
    </ClCompile>
    <ClCompile Include="..\source\game\decls\DeclVehiclePath.cpp">
      <Filter>Source Files</Filter>
    </ClCompile>
    <ClCompile Include="..\source\game\decls\declVehicleScript.cpp">
      <Filter>Source Files</Filter>
    </ClCompile>
    <ClCompile Include="..\source\game\decls\DeployMask.cpp">
      <Filter>Source Files</Filter>
    </ClCompile>
    <ClCompile Include="..\source\game\decls\GameDeclIdentifiers.cpp">
      <Filter>Source Files</Filter>
    </ClCompile>
    <ClCompile Include="..\source\game\decls\GameDeclInfo.cpp">
      <Filter>Source Files</Filter>
    </ClCompile>
    <ClCompile Include="..\source\game\decls\HeightMap.cpp">
      <Filter>Source Files</Filter>
    </ClCompile>
    <ClCompile Include="..\source\game\decls\GameDecl_Precompiled.cpp">
      <Filter>Source Files</Filter>
    </ClCompile>
  </ItemGroup>
  <ItemGroup>
    <ClInclude Include="..\source\game\decls\DeclAmmoType.h">
      <Filter>Header Files</Filter>
    </ClInclude>
    <ClInclude Include="..\source\game\decls\DeclAOR.h">
      <Filter>Header Files</Filter>
    </ClInclude>
    <ClInclude Include="..\source\game\decls\DeclCampaign.h">
      <Filter>Header Files</Filter>
    </ClInclude>
    <ClInclude Include="..\source\game\decls\DeclDamage.h">
      <Filter>Header Files</Filter>
    </ClInclude>
    <ClInclude Include="..\source\game\decls\DeclDamageFilter.h">
      <Filter>Header Files</Filter>
    </ClInclude>
    <ClInclude Include="..\source\game\decls\DeclDeployableObject.h">
      <Filter>Header Files</Filter>
    </ClInclude>
    <ClInclude Include="..\source\game\decls\DeclDeployableZone.h">
      <Filter>Header Files</Filter>
    </ClInclude>
    <ClInclude Include="..\source\game\decls\DeclDeployMask.h">
      <Filter>Header Files</Filter>
    </ClInclude>
    <ClInclude Include="..\source\game\decls\DeclGUI.h">
      <Filter>Header Files</Filter>
    </ClInclude>
    <ClInclude Include="..\source\game\decls\DeclGUITheme.h">
      <Filter>Header Files</Filter>
    </ClInclude>
    <ClInclude Include="..\source\game\decls\DeclHeightMap.h">
      <Filter>Header Files</Filter>
    </ClInclude>
    <ClInclude Include="..\source\game\decls\DeclInvItem.h">
      <Filter>Header Files</Filter>
    </ClInclude>
    <ClInclude Include="..\source\game\decls\DeclInvItemType.h">
      <Filter>Header Files</Filter>
    </ClInclude>
    <ClInclude Include="..\source\game\decls\DeclInvSlot.h">
      <Filter>Header Files</Filter>
    </ClInclude>
    <ClInclude Include="..\source\game\decls\DeclItemPackage.h">
      <Filter>Header Files</Filter>
    </ClInclude>
    <ClInclude Include="..\source\game\decls\DeclKeyBinding.h">
      <Filter>Header Files</Filter>
    </ClInclude>
    <ClInclude Include="..\source\game\decls\DeclMapInfo.h">
      <Filter>Header Files</Filter>
    </ClInclude>
    <ClInclude Include="..\source\game\decls\DeclPlayerClass.h">
      <Filter>Header Files</Filter>
    </ClInclude>
    <ClInclude Include="..\source\game\decls\DeclPlayerTask.h">
      <Filter>Header Files</Filter>
    </ClInclude>
    <ClInclude Include="..\source\game\decls\DeclProficiencyItem.h">
      <Filter>Header Files</Filter>
    </ClInclude>
    <ClInclude Include="..\source\game\decls\DeclProficiencyType.h">
      <Filter>Header Files</Filter>
    </ClInclude>
    <ClInclude Include="..\source\game\decls\DeclQuickChat.h">
      <Filter>Header Files</Filter>
    </ClInclude>
    <ClInclude Include="..\source\game\decls\DeclRadialMenu.h">
      <Filter>Header Files</Filter>
    </ClInclude>
    <ClInclude Include="..\source\game\decls\DeclRank.h">
      <Filter>Header Files</Filter>
    </ClInclude>
    <ClInclude Include="..\source\game\decls\DeclRating.h">
      <Filter>Header Files</Filter>
    </ClInclude>
    <ClInclude Include="..\source\game\decls\DeclRequirement.h">
      <Filter>Header Files</Filter>
    </ClInclude>
    <ClInclude Include="..\source\game\decls\DeclStringMap.h">
      <Filter>Header Files</Filter>
    </ClInclude>
    <ClInclude Include="..\source\game\decls\DeclTargetInfo.h">
      <Filter>Header Files</Filter>
    </ClInclude>
    <ClInclude Include="..\source\game\decls\DeclToolTip.h">
      <Filter>Header Files</Filter>
    </ClInclude>
    <ClInclude Include="..\source\decllib\declType.h">
      <Filter>Header Files</Filter>
    </ClInclude>
    <ClInclude Include="..\source\game\decls\DeclVehiclePath.h">
      <Filter>Header Files</Filter>
    </ClInclude>
    <ClInclude Include="..\source\game\decls\declVehicleScript.h">
      <Filter>Header Files</Filter>
    </ClInclude>
    <ClInclude Include="..\source\game\decls\DeployMask.h">
      <Filter>Header Files</Filter>
    </ClInclude>
    <ClInclude Include="..\source\game\decls\GameDeclIdentifiers.h">
      <Filter>Header Files</Filter>
    </ClInclude>
    <ClInclude Include="..\source\game\decls\GameDeclInfo.h">
      <Filter>Header Files</Filter>
    </ClInclude>
    <ClInclude Include="..\source\game\decls\HeightMap.h">
      <Filter>Header Files</Filter>
    </ClInclude>
    <ClInclude Include="..\source\game\decls\GameDecl_Precompiled.h">
      <Filter>Header Files</Filter>
    </ClInclude>
  </ItemGroup>
</Project>